
Microsoft Visual Studio Solution File, Format Version 12.00
# Visual Studio Version 16
VisualStudioVersion = 16.0.31105.61
MinimumVisualStudioVersion = 10.0.40219.1
Project("{FAE04EC0-301F-11D3-BF4B-00C04F79EFBC}") = "SensorPollsterWebServer", "SensorPollsterWebServer\SensorPollsterWebServer.csproj", "{824174B7-4B5D-4B28-89B0-76BEE8CBADF3}"
EndProject
Global
	GlobalSection(SolutionConfigurationPlatforms) = preSolution
		Debug|Any CPU = Debug|Any CPU
		Release|Any CPU = Release|Any CPU
	EndGlobalSection
	GlobalSection(ProjectConfigurationPlatforms) = postSolution
		{824174B7-4B5D-4B28-89B0-76BEE8CBADF3}.Debug|Any CPU.ActiveCfg = Debug|Any CPU
		{824174B7-4B5D-4B28-89B0-76BEE8CBADF3}.Debug|Any CPU.Build.0 = Debug|Any CPU
		{824174B7-4B5D-4B28-89B0-76BEE8CBADF3}.Release|Any CPU.ActiveCfg = Release|Any CPU
		{824174B7-4B5D-4B28-89B0-76BEE8CBADF3}.Release|Any CPU.Build.0 = Release|Any CPU
	EndGlobalSection
	GlobalSection(SolutionProperties) = preSolution
		HideSolutionNode = FALSE
	EndGlobalSection
	GlobalSection(ExtensibilityGlobals) = postSolution
		SolutionGuid = {D9E51E4C-CE61-454E-9AAF-129A9987928C}
	EndGlobalSection
EndGlobal
